
Microsoft Visual Studio Solution File, Format Version 12.00
# Visual Studio Version 17
VisualStudioVersion = 17.7.34018.315
MinimumVisualStudioVersion = 10.0.40219.1
Project("{FAE04EC0-301F-11D3-BF4B-00C04F79EFBC}") = "PerformanceStatistics", "PerformanceStatistics\PerformanceStatistics.csproj", "{A394FD4C-3B66-46D4-9612-40246C08C81C}"
EndProject
Project("{FAE04EC0-301F-11D3-BF4B-00C04F79EFBC}") = "Test", "Test\Test.csproj", "{786339B9-8D8C-415E-AF64-79EFCC1BE5C0}"
EndProject
Project("{FAE04EC0-301F-11D3-BF4B-00C04F79EFBC}") = "Test.Automated", "Test.Automated\Test.Automated.csproj", "{B7E4A9F1-2C5D-4E8F-9A1B-3D6E7F8C9D0E}"
EndProject
Project("{FAE04EC0-301F-11D3-BF4B-00C04F79EFBC}") = "Test.Shared", "Test.Shared\Test.Shared.csproj", "{B501E506-A2B5-4416-BC19-70575D1AA097}"
EndProject
Project("{FAE04EC0-301F-11D3-BF4B-00C04F79EFBC}") = "Test.Xunit", "Test.Xunit\Test.Xunit.csproj", "{9E7439D8-B575-4A47-920B-9FE8F72ABF69}"
EndProject
Project("{FAE04EC0-301F-11D3-BF4B-00C04F79EFBC}") = "Test.Nunit", "Test.Nunit\Test.Nunit.csproj", "{E7A57A62-AC7A-484F-B616-FDFC786C4256}"
EndProject
Global
	GlobalSection(SolutionConfigurationPlatforms) = preSolution
		Debug|Any CPU = Debug|Any CPU
		Debug|x64 = Debug|x64
		Debug|x86 = Debug|x86
		Release|Any CPU = Release|Any CPU
		Release|x64 = Release|x64
		Release|x86 = Release|x86
	EndGlobalSection
	GlobalSection(ProjectConfigurationPlatforms) = postSolution
		{A394FD4C-3B66-46D4-9612-40246C08C81C}.Debug|Any CPU.ActiveCfg = Debug|Any CPU
		{A394FD4C-3B66-46D4-9612-40246C08C81C}.Debug|Any CPU.Build.0 = Debug|Any CPU
		{A394FD4C-3B66-46D4-9612-40246C08C81C}.Debug|x64.ActiveCfg = Debug|Any CPU
		{A394FD4C-3B66-46D4-9612-40246C08C81C}.Debug|x64.Build.0 = Debug|Any CPU
		{A394FD4C-3B66-46D4-9612-40246C08C81C}.Debug|x86.ActiveCfg = Debug|Any CPU
		{A394FD4C-3B66-46D4-9612-40246C08C81C}.Debug|x86.Build.0 = Debug|Any CPU
		{A394FD4C-3B66-46D4-9612-40246C08C81C}.Release|Any CPU.ActiveCfg = Release|Any CPU
		{A394FD4C-3B66-46D4-9612-40246C08C81C}.Release|Any CPU.Build.0 = Release|Any CPU
		{A394FD4C-3B66-46D4-9612-40246C08C81C}.Release|x64.ActiveCfg = Release|Any CPU
		{A394FD4C-3B66-46D4-9612-40246C08C81C}.Release|x64.Build.0 = Release|Any CPU
		{A394FD4C-3B66-46D4-9612-40246C08C81C}.Release|x86.ActiveCfg = Release|Any CPU
		{A394FD4C-3B66-46D4-9612-40246C08C81C}.Release|x86.Build.0 = Release|Any CPU
		{786339B9-8D8C-415E-AF64-79EFCC1BE5C0}.Debug|Any CPU.ActiveCfg = Debug|Any CPU
		{786339B9-8D8C-415E-AF64-79EFCC1BE5C0}.Debug|Any CPU.Build.0 = Debug|Any CPU
		{786339B9-8D8C-415E-AF64-79EFCC1BE5C0}.Debug|x64.ActiveCfg = Debug|Any CPU
		{786339B9-8D8C-415E-AF64-79EFCC1BE5C0}.Debug|x64.Build.0 = Debug|Any CPU
		{786339B9-8D8C-415E-AF64-79EFCC1BE5C0}.Debug|x86.ActiveCfg = Debug|Any CPU
		{786339B9-8D8C-415E-AF64-79EFCC1BE5C0}.Debug|x86.Build.0 = Debug|Any CPU
		{786339B9-8D8C-415E-AF64-79EFCC1BE5C0}.Release|Any CPU.ActiveCfg = Release|Any CPU
		{786339B9-8D8C-415E-AF64-79EFCC1BE5C0}.Release|Any CPU.Build.0 = Release|Any CPU
		{786339B9-8D8C-415E-AF64-79EFCC1BE5C0}.Release|x64.ActiveCfg = Release|Any CPU
		{786339B9-8D8C-415E-AF64-79EFCC1BE5C0}.Release|x64.Build.0 = Release|Any CPU
		{786339B9-8D8C-415E-AF64-79EFCC1BE5C0}.Release|x86.ActiveCfg = Release|Any CPU
		{786339B9-8D8C-415E-AF64-79EFCC1BE5C0}.Release|x86.Build.0 = Release|Any CPU
		{B7E4A9F1-2C5D-4E8F-9A1B-3D6E7F8C9D0E}.Debug|Any CPU.ActiveCfg = Debug|Any CPU
		{B7E4A9F1-2C5D-4E8F-9A1B-3D6E7F8C9D0E}.Debug|Any CPU.Build.0 = Debug|Any CPU
		{B7E4A9F1-2C5D-4E8F-9A1B-3D6E7F8C9D0E}.Debug|x64.ActiveCfg = Debug|Any CPU
		{B7E4A9F1-2C5D-4E8F-9A1B-3D6E7F8C9D0E}.Debug|x64.Build.0 = Debug|Any CPU
		{B7E4A9F1-2C5D-4E8F-9A1B-3D6E7F8C9D0E}.Debug|x86.ActiveCfg = Debug|Any CPU
		{B7E4A9F1-2C5D-4E8F-9A1B-3D6E7F8C9D0E}.Debug|x86.Build.0 = Debug|Any CPU
		{B7E4A9F1-2C5D-4E8F-9A1B-3D6E7F8C9D0E}.Release|Any CPU.ActiveCfg = Release|Any CPU
		{B7E4A9F1-2C5D-4E8F-9A1B-3D6E7F8C9D0E}.Release|Any CPU.Build.0 = Release|Any CPU
		{B7E4A9F1-2C5D-4E8F-9A1B-3D6E7F8C9D0E}.Release|x64.ActiveCfg = Release|Any CPU
		{B7E4A9F1-2C5D-4E8F-9A1B-3D6E7F8C9D0E}.Release|x64.Build.0 = Release|Any CPU
		{B7E4A9F1-2C5D-4E8F-9A1B-3D6E7F8C9D0E}.Release|x86.ActiveCfg = Release|Any CPU
		{B7E4A9F1-2C5D-4E8F-9A1B-3D6E7F8C9D0E}.Release|x86.Build.0 = Release|Any CPU
		{B501E506-A2B5-4416-BC19-70575D1AA097}.Debug|Any CPU.ActiveCfg = Debug|Any CPU
		{B501E506-A2B5-4416-BC19-70575D1AA097}.Debug|Any CPU.Build.0 = Debug|Any CPU
		{B501E506-A2B5-4416-BC19-70575D1AA097}.Debug|x64.ActiveCfg = Debug|Any CPU
		{B501E506-A2B5-4416-BC19-70575D1AA097}.Debug|x64.Build.0 = Debug|Any CPU
		{B501E506-A2B5-4416-BC19-70575D1AA097}.Debug|x86.ActiveCfg = Debug|Any CPU
		{B501E506-A2B5-4416-BC19-70575D1AA097}.Debug|x86.Build.0 = Debug|Any CPU
		{B501E506-A2B5-4416-BC19-70575D1AA097}.Release|Any CPU.ActiveCfg = Release|Any CPU
		{B501E506-A2B5-4416-BC19-70575D1AA097}.Release|Any CPU.Build.0 = Release|Any CPU
		{B501E506-A2B5-4416-BC19-70575D1AA097}.Release|x64.ActiveCfg = Release|Any CPU
		{B501E506-A2B5-4416-BC19-70575D1AA097}.Release|x64.Build.0 = Release|Any CPU
		{B501E506-A2B5-4416-BC19-70575D1AA097}.Release|x86.ActiveCfg = Release|Any CPU
		{B501E506-A2B5-4416-BC19-70575D1AA097}.Release|x86.Build.0 = Release|Any CPU
		{9E7439D8-B575-4A47-920B-9FE8F72ABF69}.Debug|Any CPU.ActiveCfg = Debug|Any CPU
		{9E7439D8-B575-4A47-920B-9FE8F72ABF69}.Debug|Any CPU.Build.0 = Debug|Any CPU
		{9E7439D8-B575-4A47-920B-9FE8F72ABF69}.Debug|x64.ActiveCfg = Debug|Any CPU
		{9E7439D8-B575-4A47-920B-9FE8F72ABF69}.Debug|x64.Build.0 = Debug|Any CPU
		{9E7439D8-B575-4A47-920B-9FE8F72ABF69}.Debug|x86.ActiveCfg = Debug|Any CPU
		{9E7439D8-B575-4A47-920B-9FE8F72ABF69}.Debug|x86.Build.0 = Debug|Any CPU
		{9E7439D8-B575-4A47-920B-9FE8F72ABF69}.Release|Any CPU.ActiveCfg = Release|Any CPU
		{9E7439D8-B575-4A47-920B-9FE8F72ABF69}.Release|Any CPU.Build.0 = Release|Any CPU
		{9E7439D8-B575-4A47-920B-9FE8F72ABF69}.Release|x64.ActiveCfg = Release|Any CPU
		{9E7439D8-B575-4A47-920B-9FE8F72ABF69}.Release|x64.Build.0 = Release|Any CPU
		{9E7439D8-B575-4A47-920B-9FE8F72ABF69}.Release|x86.ActiveCfg = Release|Any CPU
		{9E7439D8-B575-4A47-920B-9FE8F72ABF69}.Release|x86.Build.0 = Release|Any CPU
		{E7A57A62-AC7A-484F-B616-FDFC786C4256}.Debug|Any CPU.ActiveCfg = Debug|Any CPU
		{E7A57A62-AC7A-484F-B616-FDFC786C4256}.Debug|Any CPU.Build.0 = Debug|Any CPU
		{E7A57A62-AC7A-484F-B616-FDFC786C4256}.Debug|x64.ActiveCfg = Debug|Any CPU
		{E7A57A62-AC7A-484F-B616-FDFC786C4256}.Debug|x64.Build.0 = Debug|Any CPU
		{E7A57A62-AC7A-484F-B616-FDFC786C4256}.Debug|x86.ActiveCfg = Debug|Any CPU
		{E7A57A62-AC7A-484F-B616-FDFC786C4256}.Debug|x86.Build.0 = Debug|Any CPU
		{E7A57A62-AC7A-484F-B616-FDFC786C4256}.Release|Any CPU.ActiveCfg = Release|Any CPU
		{E7A57A62-AC7A-484F-B616-FDFC786C4256}.Release|Any CPU.Build.0 = Release|Any CPU
		{E7A57A62-AC7A-484F-B616-FDFC786C4256}.Release|x64.ActiveCfg = Release|Any CPU
		{E7A57A62-AC7A-484F-B616-FDFC786C4256}.Release|x64.Build.0 = Release|Any CPU
		{E7A57A62-AC7A-484F-B616-FDFC786C4256}.Release|x86.ActiveCfg = Release|Any CPU
		{E7A57A62-AC7A-484F-B616-FDFC786C4256}.Release|x86.Build.0 = Release|Any CPU
	EndGlobalSection
	GlobalSection(SolutionProperties) = preSolution
		HideSolutionNode = FALSE
	EndGlobalSection
	GlobalSection(ExtensibilityGlobals) = postSolution
		SolutionGuid = {D3A6E26A-2EF4-49EC-BA48-F8AB786E298F}
	EndGlobalSection
EndGlobal
